
Microsoft Visual Studio Solution File, Format Version 12.00
# Visual Studio Version 17
VisualStudioVersion = 17.0.31912.275
MinimumVisualStudioVersion = 10.0.40219.1
Project("{9A19103F-16F7-4668-BE54-9A1E7A4F7556}") = "CSharpExercises", "CSharpExercises.csproj", "{A9D43979-D939-46B9-82F6-B092E3925370}"
EndProject
Global
	GlobalSection(SolutionConfigurationPlatforms) = preSolution
		Debug|Any CPU = Debug|Any CPU
		Release|Any CPU = Release|Any CPU
	EndGlobalSection
	GlobalSection(ProjectConfigurationPlatforms) = postSolution
		{A9D43979-D939-46B9-82F6-B092E3925370}.Debug|Any CPU.ActiveCfg = Debug|Any CPU
		{A9D43979-D939-46B9-82F6-B092E3925370}.Debug|Any CPU.Build.0 = Debug|Any CPU
		{A9D43979-D939-46B9-82F6-B092E3925370}.Release|Any CPU.ActiveCfg = Release|Any CPU
		{A9D43979-D939-46B9-82F6-B092E3925370}.Release|Any CPU.Build.0 = Release|Any CPU
	EndGlobalSection
	GlobalSection(SolutionProperties) = preSolution
		HideSolutionNode = FALSE
	EndGlobalSection
	GlobalSection(ExtensibilityGlobals) = postSolution
		SolutionGuid = {892E1464-A9CC-4734-B411-D8D5EADA6BAE}
	EndGlobalSection
EndGlobal
